schema: '2.0'
stages:
  plots-sens-spec-analysis:
    cmd: python sens_spec_plot.py
    deps:
    - path: ../data/2021-clb-oropharynx.csv
      md5: d40c0a1ae967a6983d60a0a809cf3972
      size: 92742
    - path: sens_spec_plot.py
      md5: 87790fa3367f033509cb29fc9c7cd23e
      size: 6059
    outs:
    - path: sens_spec_plot.svg
      md5: ba0b6427b8ff6351583328b0c00fc4c7
      size: 130026
  convert@sens_spec_analysis:
    cmd: "inkscape --without-gui --file=sens_spec_analysis.svg --export-pdf=sens_spec_analysis.pdf\
      \ --export-latex\n"
    deps:
    - path: sens_spec_analysis.svg
      md5: 53a72947e3eea72501bd3f26f28c7a36
      size: 130026
    outs:
    - path: sens_spec_analysis.pdf
      md5: 07793c5ce65c6d92875ad863c97d0730
      size: 155434
    - path: sens_spec_analysis.pdf_tex
      md5: 9825205240e546308e860746d9ffaf65
      size: 2077
  convert@sens_spec_plot:
    cmd: "inkscape --without-gui --file=sens_spec_plot.svg --export-pdf=sens_spec_plot.pdf\
      \ --export-latex\n"
    deps:
    - path: sens_spec_plot.svg
      md5: 7d5441b2bd386d6b3126307910a3fe99
      size: 130090
    outs:
    - path: sens_spec_plot.pdf
      md5: e6db5af34c137aa51b97ead826f7b7ff
      size: 155430
    - path: sens_spec_plot.pdf_tex
      md5: b540883e8c81d73659f89f44b17bb9ab
      size: 2069
  plots@statistics:
    cmd: python statistics.py
    deps:
    - path: ../data/2021-clb-oropharynx-enhanced.csv
      md5: 0bee381b4c8eeb3ffcbb2d3d7ab55303
      size: 113393
    - path: statistics.py
      md5: 1d0aa1b31a2fd19086d6c8d67573f270
      size: 9859
    outs:
    - path: statistics.svg
      md5: 46661d438a0b67ef91e2828468db2574
      size: 118191
  plots@sens_spec_plot:
    cmd: python sens_spec_plot.py
    deps:
    - path: ../data/2021-clb-oropharynx-enhanced.csv
      md5: 0bee381b4c8eeb3ffcbb2d3d7ab55303
      size: 113393
    - path: sens_spec_plot.py
      md5: 037d51a370c6e989070d8e8a3bbbe21a
      size: 6059
    outs:
    - path: sens_spec_plot.svg
      md5: 7d5441b2bd386d6b3126307910a3fe99
      size: 130090
  convert@statistics:
    cmd: "inkscape --without-gui --file=statistics.svg --export-pdf=statistics.pdf\
      \ --export-latex\n"
    deps:
    - path: statistics.svg
      md5: 46661d438a0b67ef91e2828468db2574
      size: 118191
    outs:
    - path: statistics.pdf
      md5: dcc5e11e1194c9503f60ef8fc1b88f48
      size: 146741
    - path: statistics.pdf_tex
      md5: 9d274af715254a3e8d6ef19ceb06e9f0
      size: 2061
  crop-figure:
    cmd: "sed statistics.pdf_tex -e '56s/.*/    \\\\put(0,0){\\\\includegraphics[width=\\\
      \\unitlength,page=1,trim=13mm 20mm 15mm 30mm]{statistics.pdf}}%/' > statistics_crop.pdf_tex\n"
    deps:
    - path: statistics.pdf_tex
      md5: 9d274af715254a3e8d6ef19ceb06e9f0
      size: 2061
    outs:
    - path: statistics_crop.pdf_tex
      md5: 1729c6a3fed2888f48a051094d1e59a7
      size: 2086
  plots@tstage_comp:
    cmd: python tstage_comp.py
    deps:
    - path: ../data/2021-clb-oropharynx-enhanced.csv
      md5: 0bee381b4c8eeb3ffcbb2d3d7ab55303
      size: 113393
    - path: tstage_comp.py
      md5: e9946e603eded286252f8d33e1d28819
      size: 1756
    outs:
    - path: tstage_comp.svg
      md5: 833d2211a8777ae944c1e405f950cb3c
      size: 28126
  convert@tstage_comp:
    cmd: "inkscape --without-gui --file=tstage_comp.svg --export-pdf=tstage_comp.pdf\
      \ --export-latex\n"
    deps:
    - path: tstage_comp.svg
      md5: 833d2211a8777ae944c1e405f950cb3c
      size: 28126
    outs:
    - path: tstage_comp.pdf
      md5: 7b37de4545cee8a6907c2a2b38a403ab
      size: 24051
    - path: tstage_comp.pdf_tex
      md5: 36a7b690e7069d03640944c469b6eceb
      size: 2063
