schema: '2.0'
stages:
  convert-to-pdf@simple_graphs:
    cmd: "inkscape --without-gui --file=simple_graphs.svg --export-pdf=simple_graphs.pdf\
      \ --export-latex\n"
    deps:
    - path: simple_graphs.svg
      md5: eaae865806949bdb5311cf6cf08654b2
      size: 27676
    outs:
    - path: simple_graphs.pdf
      md5: 21fad26b85f16b387da464c1077a3ff1
      size: 10932
    - path: simple_graphs.pdf_tex
      md5: cbeccdb0a2098e6fd0fee52e84f10928
      size: 2061
