schema: '2.0'
stages:
  convert-to-pdf@simultaneous_learnedP:
    cmd: "inkscape --without-gui --file=simultaneous_learnedP.svg --export-pdf=simultaneous_learnedP.pdf\
      \ --export-latex\n"
    deps:
    - path: simultaneous_learnedP.svg
      md5: 1663bf48d014e6a1485b05c8fba1b40b
      size: 103034
    outs:
    - path: simultaneous_learnedP.pdf
      md5: 82f9a298bf35eef198b257465d34adc3
      size: 106678
    - path: simultaneous_learnedP.pdf_tex
      md5: a940435886ed18bdb91f1fb82efc5ede
      size: 2083
  convert-to-pdf@HMM_risk_increaseP:
    cmd: "inkscape --without-gui --file=HMM_risk_increaseP.svg --export-pdf=HMM_risk_increaseP.pdf\
      \ --export-latex\n"
    deps:
    - path: HMM_risk_increaseP.svg
      md5: ad07e3de749e9105ca4f18a65127be1d
      size: 78092
    outs:
    - path: HMM_risk_increaseP.pdf
      md5: 7b97cdc72d278321261512ee7169cce9
      size: 56247
    - path: HMM_risk_increaseP.pdf_tex
      md5: 74541730da9bcbc168fc8fbeaac0fc51
      size: 2077
  convert-to-pdf@simple_rate_decay:
    cmd: "inkscape --without-gui --file=simple_rate_decay.svg --export-pdf=simple_rate_decay.pdf\
      \ --export-latex\n"
    deps:
    - path: simple_rate_decay.svg
      md5: 5a2b6d8ba2894dc6f020d21dc32da62a
      size: 58247
    outs:
    - path: simple_rate_decay.pdf
      md5: dd8e13c7f6aa6f3a3840d711d540a9ec
      size: 50010
    - path: simple_rate_decay.pdf_tex
      md5: f0567d769af3c08757da3ecd84ff9797
      size: 2074
  convert-to-pdf@rate_decay_theory_vs_sampled:
    cmd: "inkscape --without-gui --file=rate_decay_theory_vs_sampled.svg --export-pdf=rate_decay_theory_vs_sampled.pdf\
      \ --export-latex\n"
    deps:
    - path: rate_decay_theory_vs_sampled.svg
      md5: b72893f99dfabab39e0e0b410c23fc5f
      size: 119152
    outs:
    - path: rate_decay_theory_vs_sampled.pdf
      md5: 2cc1c0e6cef6063c177b4c8f75b60f15
      size: 169998
    - path: rate_decay_theory_vs_sampled.pdf_tex
      md5: afde2a973aff606a38f0b9e1cd255ef9
      size: 2096
  convert-to-pdf@simultaneous_risk:
    cmd: "inkscape --without-gui --file=simultaneous_risk.svg --export-pdf=simultaneous_risk.pdf\
      \ --export-latex\n"
    deps:
    - path: simultaneous_risk.svg
      md5: 95449e28279de23a5a2be170b1140b02
      size: 134741
    outs:
    - path: simultaneous_risk.pdf
      md5: 8e60bffb6d29c219d6ff00db5d725230
      size: 197047
    - path: simultaneous_risk.pdf_tex
      md5: 0486973d5bd5ef0aa133947ca8e6e9bf
      size: 2075
  convert-to-pdf@multi_length_risk:
    cmd: "inkscape --without-gui --file=multi_length_risk.svg --export-pdf=multi_length_risk.pdf\
      \ --export-latex\n"
    deps:
    - path: multi_length_risk.svg
      md5: 237797b21b1378b1e0f8ee2535424f2c
      size: 385538
    outs:
    - path: multi_length_risk.pdf
      md5: 5e466c40bf0fea21c67f753db5ed358b
      size: 159434
    - path: multi_length_risk.pdf_tex
      md5: 2f41d540f12875d87f8ac186c0693c6b
      size: 2075
  convert-to-pdf@HMM_BN_risk_comparison:
    cmd: "inkscape --without-gui --file=HMM_BN_risk_comparison.svg --export-pdf=HMM_BN_risk_comparison.pdf\
      \ --export-latex\n"
    deps:
    - path: HMM_BN_risk_comparison.svg
      md5: b9c748c091d350075f238fd82751c353
      size: 296246
    outs:
    - path: HMM_BN_risk_comparison.pdf
      md5: fe2fbaea27b66485d013b025f9af2e50
      size: 226195
    - path: HMM_BN_risk_comparison.pdf_tex
      md5: 42186cae1c1aa8141353018135f3fbb1
      size: 2085
  convert-to-pdf@transition_matrix:
    cmd: "inkscape --without-gui --file=transition_matrix.svg --export-pdf=transition_matrix.pdf\
      \ --export-latex\n"
    deps:
    - path: transition_matrix.svg
      md5: bcd2e8cd2cffc3ddbc94ef32aa3946bb
      size: 78716
    outs:
    - path: transition_matrix.pdf
      md5: f2c226ef722e546d1b52f0833ff74c7d
      size: 232286
    - path: transition_matrix.pdf_tex
      md5: 7571a82e17078604874567781370d8f3
      size: 2066
  convert-to-pdf@corner_HMM:
    cmd: "inkscape --without-gui --file=corner_HMM.svg --export-pdf=corner_HMM.pdf\
      \ --export-latex\n"
    deps:
    - path: corner_HMM.svg
      md5: b8feef8d3a22f5c6e4a02ff4b8ed988f
      size: 1826295
    outs:
    - path: corner_HMM.pdf
      md5: cf6f82afdd46ed60f717b0a86b73deee
      size: 3677853
    - path: corner_HMM.pdf_tex
      md5: 31f4258138f140646106ddaa55870071
      size: 2061
  convert-to-pdf@HMM_evolution:
    cmd: "inkscape --without-gui --file=HMM_evolution.svg --export-pdf=HMM_evolution.pdf\
      \ --export-latex\n"
    deps:
    - path: HMM_evolution.svg
      md5: 00e0ab88caf5b5f6c077d6a1f75dd986
      size: 135984
    outs:
    - path: HMM_evolution.pdf
      md5: 5527bd54d9e389224319d5674f022f48
      size: 135136
    - path: HMM_evolution.pdf_tex
      md5: f0a2441390968b2c64cb00fb671893fd
      size: 2067
  convert-to-pdf@HMM_evo_matrix:
    cmd: "inkscape --without-gui --file=HMM_evo_matrix.svg --export-pdf=HMM_evo_matrix.pdf\
      \ --export-latex\n"
    deps:
    - path: HMM_evo_matrix.svg
      md5: cbb8e15680d86aa2df782774b2d7a98e
      size: 138949
    outs:
    - path: HMM_evo_matrix.pdf
      md5: c8d7a23ff4fc4f360bd789454c894084
      size: 298920
    - path: HMM_evo_matrix.pdf_tex
      md5: f64fd7f59abcc438dff0e90fe31122ce
      size: 2068
