schema: '2.0'
stages:
  plot-ipsi-prevalences:
    cmd: python prevalences_ipsi.py
    deps:
    - path: ../data/bilateral-v2-prevalences.hdf5
      md5: 90242ec91d57fcea269fab2a62d89eea
      size: 739848
    - path: ../data/midline-with-mixing-v2-prevalences.hdf5
      md5: 35b95d695f9fb5193434304f9b250ed4
      size: 819848
    - path: ../data/midline-without-mixing-v2-prevalences.hdf5
      md5: f5df7dddae40020e8945795caa1fb6a7
      size: 979848
    - path: prevalences_ipsi.py
      md5: 38d9d39a366b3d809ff5b06aaf1c4b41
      size: 3990
    outs:
    - path: ipsi-comp.svg
      md5: bebb64aebd4c911dfebf1ab9859e8498
      size: 442329
  ipsi-prevalences-to-pdf:
    cmd: inkscape --without-gui --file=ipsi-comp.svg --export-pdf=ipsi-comp.pdf --export-latex
    deps:
    - path: ipsi-comp.svg
      md5: bebb64aebd4c911dfebf1ab9859e8498
      size: 442329
    outs:
    - path: ipsi-comp.pdf
      md5: f17dc1cae4d58935a8076c61130ef121
      size: 100238
    - path: ipsi-comp.pdf_tex
      md5: 80f1050278812fb4760dff949aaa8ff7
      size: 2059
  plot-contra-prevalences:
    cmd: python prevalences_contra.py
    deps:
    - path: ../data/bilateral-v2-prevalences.hdf5
      md5: 90242ec91d57fcea269fab2a62d89eea
      size: 739848
    - path: ../data/midline-with-mixing-v2-prevalences.hdf5
      md5: 35b95d695f9fb5193434304f9b250ed4
      size: 819848
    - path: ../data/midline-without-mixing-v2-prevalences.hdf5
      md5: f5df7dddae40020e8945795caa1fb6a7
      size: 979848
    - path: prevalences_contra.py
      md5: eae0533e107e9c4551200f11c8278f0f
      size: 2788
    outs:
    - path: contra-comp.svg
      md5: 0c8150688a6c2b32bffcda20e0514aa3
      size: 157924
  contra-prevalences-to-pdf:
    cmd: inkscape --without-gui --file=contra-comp.svg --export-pdf=contra-comp.pdf
      --export-latex
    deps:
    - path: contra-comp.svg
      md5: 0c8150688a6c2b32bffcda20e0514aa3
      size: 157924
    outs:
    - path: contra-comp.pdf
      md5: 07d12a9daed541b82c63c0735a4e6319
      size: 72888
    - path: contra-comp.pdf_tex
      md5: cf8db26b0703dd6f32de17af7a373f90
      size: 2063
  plot-evidence:
    cmd: "python -m lyscripts plot thermo_int bilateral-v1-accuracies.csv midline-with-mixing-v1-accuracies.csv\
      \ midline-without-mixing-v1-accuracies.csv -o test --labels agnostic mixing\
      \ full --mplstyle ../../../.mplstyle\n"
    deps:
    - path: bilateral-v1-accuracies.csv
      md5: c9db81871f556cae3ca5ba10276d6929
      size: 3733
    - path: midline-with-mixing-v1-accuracies.csv
      md5: aa407f1d510485aa91a675e365dd9702
      size: 3725
    - path: midline-without-mixing-v1-accuracies.csv
      md5: 51d65e3eff5c352a14f5b4471d559f90
      size: 3731
    outs:
    - path: test.png
      md5: 1e86aa6710455ce0d2a87510bf5b8a64
      size: 83432
    - path: test.svg
      md5: 4681d0a5c928fa7559edbbba34d068b6
      size: 43468
  plot-thermo-int:
    cmd: "python -m lyscripts plot thermo_int ../data/bilateral-v2-accuracies.csv\
      \ ../data/midline-with-mixing-v2-accuracies.csv ../data/midline-without-mixing-v2-accuracies.csv\
      \ -o thermo_int --labels agnostic mixing full --mplstyle ../../../.mplstyle\
      \ && rm thermo_int.png\n"
    deps:
    - path: ../data/bilateral-v2-accuracies.csv
      md5: c9db81871f556cae3ca5ba10276d6929
      size: 3733
    - path: ../data/midline-with-mixing-v2-accuracies.csv
      md5: aa407f1d510485aa91a675e365dd9702
      size: 3725
    - path: ../data/midline-without-mixing-v2-accuracies.csv
      md5: 51d65e3eff5c352a14f5b4471d559f90
      size: 3731
    outs:
    - path: thermo_int.svg
      md5: eecb22801a9be23c581a9aa1d6276e80
      size: 43468
  thermo-int-to-pdf:
    cmd: inkscape --without-gui --file=thermo_int.svg --export-pdf=thermo_int.pdf
      --export-latex
    deps:
    - path: thermo_int.svg
      md5: eecb22801a9be23c581a9aa1d6276e80
      size: 43468
    outs:
    - path: thermo_int.pdf
      md5: 04db8c95a6671653696d6710c93f9b28
      size: 40435
    - path: thermo_int.pdf_tex
      md5: 030a8e07f116b87acf33897176462adb
      size: 2061
